{
  "name": "notable-finance-app",
  "version": "0.1.0",
  "lockfileVersion": 3,
  "requires": true,
  "packages": {
    "": {
      "name": "notable-finance-app",
      "version": "0.1.0",
      "dependencies": {
        "@tanstack/react-query": "^5.101.2",
        "apple-local-llm": "^1.0.0",
        "better-sqlite3": "12.11.1",
        "drizzle-orm": "^0.45.2",
        "html-to-image": "^1.11.13",
        "lucide-react": "^1.23.0",
        "react": "^19.2.7",
        "react-dom": "^19.2.7",
        "recharts": "^3.9.1"
      },
      "devDependencies": {
        "@electron/rebuild": "^4.2.0",
        "@playwright/test": "^1.61.1",
        "@types/better-sqlite3": "^7.6.13",
        "@types/node": "^26.1.0",
        "@types/react": "^19.2.17",
        "@types/react-dom": "^19.2.3",
        "@vitejs/plugin-react": "^6.0.3",
        "drizzle-kit": "^0.31.10",
        "electron": "^42.7.1",
        "electron-builder": "^26.15.3",
        "electron-vite": "^5.0.0",
        "typescript": "^6.0.3",
        "vite": "^8.1.5",
        "vitest": "^4.1.10"
      }
    },
    "../node_modules/.pnpm/@electron+rebuild@4.2.0/node_modules/@electron/rebuild": {
      "version": "4.2.0",
      "dev": true,
      "license": "MIT",
      "dependencies": {
        "@malept/cross-spawn-promise": "^2.0.0",
        "debug": "^4.1.1",
        "node-abi": "^4.2.0",
        "node-api-version": "^0.2.1",
        "node-gyp": "^12.2.0",
        "read-binary-file-arch": "^1.0.6"
      },
      "bin": {
        "electron-rebuild": "lib/cli.js"
      },
      "devDependencies": {
        "@tsconfig/node22": "^22.0.0",
        "@types/debug": "^4.1.5",
        "@types/node": "~22.10.7",
        "@types/node-abi": "^3.0.0",
        "@vitest/coverage-v8": "^4.1.2",
        "electron": "^39.8.5",
        "husky": "^9.1.7",
        "lint-staged": "^16.4.0",
        "oxfmt": "^0.42.0",
        "oxlint": "^1.57.0",
        "oxlint-tsgolint": "^0.18.1",
        "typedoc": "~0.28.0",
        "typescript": "^6.0.2",
        "vitest": "^4.1.2"
      },
      "engines": {
        "node": ">=22.12.0"
      }
    },
    "../node_modules/.pnpm/@playwright+test@1.61.1/node_modules/@playwright/test": {
      "version": "1.61.1",
      "dev": true,
      "license": "Apache-2.0",
      "dependencies": {
        "playwright": "1.61.1"
      },
      "bin": {
        "playwright": "cli.js"
      },
      "engines": {
        "node": ">=18"
      }
    },
    "../node_modules/.pnpm/@tanstack+react-query@5.101.3_react@19.2.7/node_modules/@tanstack/react-query": {
      "version": "5.101.3",
      "license": "MIT",
      "dependencies": {
        "@tanstack/query-core": "5.101.3"
      },
      "devDependencies": {
        "@tanstack/query-persist-client-core": "5.101.3",
        "@tanstack/query-test-utils": "0.0.0",
        "@testing-library/react": "^16.1.0",
        "@testing-library/react-render-stream": "^2.0.2",
        "@types/react": "^19.2.7",
        "@types/react-dom": "^19.2.3",
        "@vitejs/plugin-react": "^4.3.4",
        "cpy-cli": "^5.0.0",
        "npm-run-all2": "^5.0.0",
        "react": "^19.2.1",
        "react-dom": "^19.2.1",
        "react-error-boundary": "^4.1.2"
      },
      "funding": {
        "type": "github",
        "url": "https://github.com/sponsors/tannerlinsley"
      },
      "peerDependencies": {
        "react": "^18 || ^19"
      }
    },
    "../node_modules/.pnpm/@types+better-sqlite3@7.6.13/node_modules/@types/better-sqlite3": {
      "version": "7.6.13",
      "dev": true,
      "license": "MIT",
      "dependencies": {
        "@types/node": "*"
      }
    },
    "../node_modules/.pnpm/@types+node@26.1.1/node_modules/@types/node": {
      "version": "26.1.1",
      "dev": true,
      "license": "MIT",
      "dependencies": {
        "undici-types": "~8.3.0"
      }
    },
    "../node_modules/.pnpm/@types+react-dom@19.2.3_@types+react@19.2.17/node_modules/@types/react-dom": {
      "version": "19.2.3",
      "dev": true,
      "license": "MIT",
      "peerDependencies": {
        "@types/react": "^19.2.0"
      }
    },
    "../node_modules/.pnpm/@types+react@19.2.17/node_modules/@types/react": {
      "version": "19.2.17",
      "dev": true,
      "license": "MIT",
      "dependencies": {
        "csstype": "^3.2.2"
      }
    },
    "../node_modules/.pnpm/@vitejs+plugin-react@6.0.3_vite@8.1.5_@types+node@26.1.1_esbuild@0.28.1_jiti@2.7.0_tsx@4.23.1_/node_modules/@vitejs/plugin-react": {
      "version": "6.0.3",
      "dev": true,
      "license": "MIT",
      "dependencies": {
        "@rolldown/pluginutils": "^1.0.1"
      },
      "devDependencies": {
        "@babel/core": "8.0.0-rc.6",
        "@rolldown/plugin-babel": "^0.2.3",
        "@vitejs/react-common": "workspace:*",
        "babel-plugin-react-compiler": "^1.0.0",
        "react": "^19.2.7",
        "react-dom": "^19.2.7",
        "rolldown": "^1.1.1",
        "tsdown": "^0.22.2",
        "vite": "^8.0.16"
      },
      "engines": {
        "node": "^20.19.0 || >=22.12.0"
      },
      "peerDependencies": {
        "@rolldown/plugin-babel": "^0.1.7 || ^0.2.0",
        "babel-plugin-react-compiler": "^1.0.0",
        "vite": "^8.0.0"
      },
      "peerDependenciesMeta": {
        "@rolldown/plugin-babel": {
          "optional": true
        },
        "babel-plugin-react-compiler": {
          "optional": true
        }
      }
    },
    "../node_modules/.pnpm/better-sqlite3@12.11.1/node_modules/better-sqlite3": {
      "version": "12.11.1",
      "hasInstallScript": true,
      "license": "MIT",
      "dependencies": {
        "bindings": "^1.5.0",
        "prebuild-install": "^7.1.1"
      },
      "devDependencies": {
        "chai": "^4.3.8",
        "cli-color": "^2.0.3",
        "fs-extra": "^11.1.1",
        "mocha": "^11.7.5",
        "nodemark": "^0.3.0",
        "prebuild": "^13.0.1",
        "sqlite": "^5.0.1",
        "sqlite3": "^5.1.6"
      },
      "engines": {
        "node": "20.x || 22.x || 23.x || 24.x || 25.x || 26.x"
      }
    },
    "../node_modules/.pnpm/drizzle-kit@0.31.10/node_modules/drizzle-kit": {
      "version": "0.31.10",
      "dev": true,
      "license": "MIT",
      "dependencies": {
        "@drizzle-team/brocli": "^0.10.2",
        "@esbuild-kit/esm-loader": "^2.5.5",
        "esbuild": "^0.25.4",
        "tsx": "^4.21.0"
      },
      "bin": {
        "drizzle-kit": "bin.cjs"
      },
      "devDependencies": {
        "@arethetypeswrong/cli": "^0.15.3",
        "@aws-sdk/client-rds-data": "^3.556.0",
        "@cloudflare/workers-types": "^4.20230518.0",
        "@electric-sql/pglite": "^0.2.12",
        "@hono/node-server": "^1.9.0",
        "@hono/zod-validator": "^0.2.1",
        "@libsql/client": "^0.10.0",
        "@neondatabase/serverless": "^0.9.1",
        "@originjs/vite-plugin-commonjs": "^1.0.3",
        "@planetscale/database": "^1.16.0",
        "@types/better-sqlite3": "^7.6.13",
        "@types/dockerode": "^3.3.28",
        "@types/glob": "^8.1.0",
        "@types/json-diff": "^1.0.3",
        "@types/micromatch": "^4.0.9",
        "@types/minimatch": "^5.1.2",
        "@types/node": "^18.11.15",
        "@types/pg": "^8.10.7",
        "@types/pluralize": "^0.0.33",
        "@types/semver": "^7.5.5",
        "@types/uuid": "^9.0.8",
        "@types/ws": "^8.5.10",
        "@typescript-eslint/eslint-plugin": "^7.2.0",
        "@typescript-eslint/parser": "^7.2.0",
        "@vercel/postgres": "^0.8.0",
        "ava": "^5.1.0",
        "better-sqlite3": "^11.9.1",
        "bun-types": "^0.6.6",
        "camelcase": "^7.0.1",
        "chalk": "^5.2.0",
        "commander": "^12.1.0",
        "dockerode": "^4.0.6",
        "dotenv": "^16.0.3",
        "drizzle-kit": "0.25.0-b1faa33",
        "drizzle-orm": "workspace:./drizzle-orm/dist",
        "env-paths": "^3.0.0",
        "esbuild-node-externals": "^1.9.0",
        "eslint": "^8.57.0",
        "eslint-config-prettier": "^9.1.0",
        "eslint-plugin-prettier": "^5.1.3",
        "gel": "^2.0.0",
        "get-port": "^6.1.2",
        "glob": "^8.1.0",
        "hanji": "^0.0.8",
        "hono": "^4.7.9",
        "json-diff": "1.0.6",
        "micromatch": "^4.0.8",
        "minimatch": "^7.4.3",
        "mysql2": "3.14.1",
        "node-fetch": "^3.3.2",
        "ohm-js": "^17.1.0",
        "pg": "^8.11.5",
        "pluralize": "^8.0.0",
        "postgres": "^3.4.4",
        "prettier": "^3.5.3",
        "semver": "^7.7.2",
        "superjson": "^2.2.1",
        "tsup": "^8.3.5",
        "typescript": "^5.6.3",
        "uuid": "^9.0.1",
        "vite-tsconfig-paths": "^4.3.2",
        "vitest": "^3.1.3",
        "ws": "^8.18.2",
        "zod": "^3.20.2",
        "zx": "^8.3.2"
      }
    },
    "../node_modules/.pnpm/drizzle-orm@0.45.2_@types+better-sqlite3@7.6.13_better-sqlite3@12.11.1/node_modules/drizzle-orm": {
      "version": "0.45.2",
      "license": "Apache-2.0",
      "devDependencies": {
        "@aws-sdk/client-rds-data": "^3.549.0",
        "@cloudflare/workers-types": "^4.20241112.0",
        "@electric-sql/pglite": "^0.2.12",
        "@libsql/client": "^0.10.0",
        "@libsql/client-wasm": "^0.10.0",
        "@miniflare/d1": "^2.14.4",
        "@neondatabase/serverless": "^0.10.0",
        "@op-engineering/op-sqlite": "^2.0.16",
        "@opentelemetry/api": "^1.4.1",
        "@originjs/vite-plugin-commonjs": "^1.0.3",
        "@planetscale/database": "^1.16.0",
        "@prisma/client": "5.14.0",
        "@tidbcloud/serverless": "^0.1.1",
        "@types/better-sqlite3": "^7.6.12",
        "@types/node": "^20.2.5",
        "@types/pg": "^8.10.1",
        "@types/react": "^18.2.45",
        "@types/sql.js": "^1.4.4",
        "@upstash/redis": "^1.34.3",
        "@vercel/postgres": "^0.8.0",
        "@xata.io/client": "^0.29.3",
        "better-sqlite3": "^11.9.1",
        "bun-types": "^1.2.0",
        "cpy": "^10.1.0",
        "expo-sqlite": "^14.0.0",
        "gel": "^2.0.0",
        "glob": "^11.0.1",
        "knex": "^2.4.2",
        "kysely": "^0.25.0",
        "mysql2": "^3.14.1",
        "pg": "^8.11.0",
        "postgres": "^3.3.5",
        "prisma": "5.14.0",
        "react": "^18.2.0",
        "sql.js": "^1.8.0",
        "sqlite3": "^5.1.2",
        "ts-morph": "^25.0.1",
        "tslib": "^2.5.2",
        "tsx": "^3.12.7",
        "vite-tsconfig-paths": "^4.3.2",
        "vitest": "^3.1.3",
        "zod": "^3.20.2",
        "zx": "^7.2.2"
      },
      "peerDependencies": {
        "@aws-sdk/client-rds-data": ">=3",
        "@cloudflare/workers-types": ">=4",
        "@electric-sql/pglite": ">=0.2.0",
        "@libsql/client": ">=0.10.0",
        "@libsql/client-wasm": ">=0.10.0",
        "@neondatabase/serverless": ">=0.10.0",
        "@op-engineering/op-sqlite": ">=2",
        "@opentelemetry/api": "^1.4.1",
        "@planetscale/database": ">=1.13",
        "@prisma/client": "*",
        "@tidbcloud/serverless": "*",
        "@types/better-sqlite3": "*",
        "@types/pg": "*",
        "@types/sql.js": "*",
        "@upstash/redis": ">=1.34.7",
        "@vercel/postgres": ">=0.8.0",
        "@xata.io/client": "*",
        "better-sqlite3": ">=7",
        "bun-types": "*",
        "expo-sqlite": ">=14.0.0",
        "gel": ">=2",
        "knex": "*",
        "kysely": "*",
        "mysql2": ">=2",
        "pg": ">=8",
        "postgres": ">=3",
        "sql.js": ">=1",
        "sqlite3": ">=5"
      },
      "peerDependenciesMeta": {
        "@aws-sdk/client-rds-data": {
          "optional": true
        },
        "@cloudflare/workers-types": {
          "optional": true
        },
        "@electric-sql/pglite": {
          "optional": true
        },
        "@libsql/client": {
          "optional": true
        },
        "@libsql/client-wasm": {
          "optional": true
        },
        "@neondatabase/serverless": {
          "optional": true
        },
        "@op-engineering/op-sqlite": {
          "optional": true
        },
        "@opentelemetry/api": {
          "optional": true
        },
        "@planetscale/database": {
          "optional": true
        },
        "@prisma/client": {
          "optional": true
        },
        "@tidbcloud/serverless": {
          "optional": true
        },
        "@types/better-sqlite3": {
          "optional": true
        },
        "@types/pg": {
          "optional": true
        },
        "@types/sql.js": {
          "optional": true
        },
        "@upstash/redis": {
          "optional": true
        },
        "@vercel/postgres": {
          "optional": true
        },
        "@xata.io/client": {
          "optional": true
        },
        "better-sqlite3": {
          "optional": true
        },
        "bun-types": {
          "optional": true
        },
        "expo-sqlite": {
          "optional": true
        },
        "gel": {
          "optional": true
        },
        "knex": {
          "optional": true
        },
        "kysely": {
          "optional": true
        },
        "mysql2": {
          "optional": true
        },
        "pg": {
          "optional": true
        },
        "postgres": {
          "optional": true
        },
        "prisma": {
          "optional": true
        },
        "sql.js": {
          "optional": true
        },
        "sqlite3": {
          "optional": true
        }
      }
    },
    "../node_modules/.pnpm/electron-builder@26.15.3_electron-builder-squirrel-windows@26.15.3/node_modules/electron-builder": {
      "version": "26.15.3",
      "dev": true,
      "license": "MIT",
      "dependencies": {
        "app-builder-lib": "26.15.3",
        "builder-util": "26.15.3",
        "builder-util-runtime": "9.7.0",
        "chalk": "^4.1.2",
        "ci-info": "^4.2.0",
        "dmg-builder": "26.15.3",
        "fs-extra": "^10.1.0",
        "lazy-val": "^1.0.5",
        "simple-update-notifier": "2.0.0",
        "yargs": "^17.6.2"
      },
      "bin": {
        "electron-builder": "cli.js",
        "install-app-deps": "install-app-deps.js"
      },
      "devDependencies": {
        "@types/fs-extra": "9.0.13",
        "@types/yargs": "^17.0.16"
      },
      "engines": {
        "node": ">=14.0.0"
      }
    },
    "../node_modules/.pnpm/electron-vite@5.0.0_vite@8.1.5_@types+node@26.1.1_esbuild@0.28.1_jiti@2.7.0_tsx@4.23.1_/node_modules/electron-vite": {
      "version": "5.0.0",
      "dev": true,
      "license": "MIT",
      "dependencies": {
        "@babel/core": "^7.28.4",
        "@babel/plugin-transform-arrow-functions": "^7.27.1",
        "cac": "^6.7.14",
        "esbuild": "^0.25.11",
        "magic-string": "^0.30.19",
        "picocolors": "^1.1.1"
      },
      "bin": {
        "electron-vite": "bin/electron-vite.js"
      },
      "devDependencies": {
        "@eslint/js": "^9.37.0",
        "@rollup/plugin-json": "^6.1.0",
        "@rollup/plugin-node-resolve": "^16.0.3",
        "@rollup/plugin-typescript": "^12.1.4",
        "@swc/core": "^1.13.5",
        "@types/babel__core": "^7.20.5",
        "@types/node": "^22.18.11",
        "eslint": "^9.37.0",
        "eslint-config-prettier": "^10.1.8",
        "eslint-plugin-prettier": "^5.5.4",
        "globals": "^16.4.0",
        "lint-staged": "^16.2.4",
        "prettier": "^3.6.2",
        "rollup": "^4.52.4",
        "rollup-plugin-dts": "^6.2.3",
        "rollup-plugin-rm": "^1.0.2",
        "simple-git-hooks": "^2.13.1",
        "tslib": "^2.8.1",
        "typescript": "^5.9.3",
        "typescript-eslint": "^8.46.1",
        "vite": "^7.1.10"
      },
      "engines": {
        "node": "^20.19.0 || >=22.12.0"
      },
      "peerDependencies": {
        "@swc/core": "^1.0.0",
        "vite": "^5.0.0 || ^6.0.0 || ^7.0.0"
      },
      "peerDependenciesMeta": {
        "@swc/core": {
          "optional": true
        }
      }
    },
    "../node_modules/.pnpm/electron@42.7.1/node_modules/electron": {
      "version": "42.7.1",
      "dev": true,
      "license": "MIT",
      "dependencies": {
        "@electron-internal/extract-zip": "^1.0.1",
        "@electron/get": "^5.0.0",
        "@types/node": "^24.9.0"
      },
      "bin": {
        "electron": "cli.js",
        "install-electron": "install.js"
      },
      "engines": {
        "node": ">= 22.12.0"
      }
    },
    "../node_modules/.pnpm/html-to-image@1.11.13/node_modules/html-to-image": {
      "version": "1.11.13",
      "license": "MIT",
      "devDependencies": {
        "@bubkoo/commitlint-config": "^1.0.2",
        "@bubkoo/eslint-config": "^1.3.1",
        "@bubkoo/rollup-config": "^1.2.1",
        "@bubkoo/semantic-release-config": "^1.6.1",
        "@bubkoo/tsconfig": "^1.0.0",
        "@fortawesome/fontawesome-free": "^6.1.2",
        "@types/jasmine": "^4.3.1",
        "@types/pixelmatch": "^5.2.4",
        "coveralls": "^3.1.1",
        "eslint": "^8.22.0",
        "husky": "^8.0.1",
        "is-ci": "^3.0.1",
        "jasmine-core": "^4.3.0",
        "karma": "^6.4.0",
        "karma-chrome-launcher": "^3.1.1",
        "karma-coverage": "^2.2.0",
        "karma-jasmine": "^5.1.0",
        "karma-spec-reporter": "^0.0.36",
        "karma-typescript": "^5.5.3",
        "npm-run-all": "^4.1.5",
        "pixelmatch": "^5.3.0",
        "prettier": "^2.8.1",
        "pretty-quick": "^3.1.3",
        "rimraf": "^4.1.2",
        "rollup": "^3.7.4",
        "tslib": "^2.4.0",
        "typescript": "^4.9.5"
      }
    },
    "../node_modules/.pnpm/lucide-react@1.25.0_react@19.2.7/node_modules/lucide-react": {
      "version": "1.25.0",
      "license": "ISC",
      "devDependencies": {
        "@lucide/build-icons": "1.1.0",
        "@lucide/rollup-plugins": "1.0.0",
        "@lucide/shared": "1.0.0",
        "@testing-library/jest-dom": "^6.9.1",
        "@testing-library/react": "^14.3.1",
        "@types/react": "^18.3.31",
        "@vitejs/plugin-react": "^4.7.0",
        "jest-serializer-html": "^7.1.0",
        "react": "18.2.0",
        "react-dom": "18.2.0",
        "rollup": "^4.62.2",
        "rollup-plugin-dts": "^6.4.1",
        "rollup-plugin-preserve-directives": "^0.4.0",
        "typescript": "^5.9.3",
        "vite": "^7.3.6"
      },
      "peerDependencies": {
        "react": "^16.5.1 || ^17.0.0 || ^18.0.0 || ^19.0.0"
      }
    },
    "../node_modules/.pnpm/react-dom@19.2.7_react@19.2.7/node_modules/react-dom": {
      "version": "19.2.7",
      "license": "MIT",
      "dependencies": {
        "scheduler": "^0.27.0"
      },
      "peerDependencies": {
        "react": "^19.2.7"
      }
    },
    "../node_modules/.pnpm/react@19.2.7/node_modules/react": {
      "version": "19.2.7",
      "license": "MIT",
      "engines": {
        "node": ">=0.10.0"
      }
    },
    "../node_modules/.pnpm/recharts@3.9.2_@types+react@19.2.17_react-dom@19.2.7_react@19.2.7__react-is@19.2.7_react@19.2.7_redux@5.0.1/node_modules/recharts": {
      "version": "3.9.2",
      "license": "MIT",
      "workspaces": [
        "www"
      ],
      "dependencies": {
        "@reduxjs/toolkit": "^1.9.0 || 2.x.x",
        "clsx": "^2.1.1",
        "decimal.js-light": "^2.5.1",
        "es-toolkit": "^1.39.3",
        "eventemitter3": "^5.0.1",
        "immer": "^11.1.8",
        "react-redux": "8.x.x || 9.x.x",
        "reselect": "5.2.0",
        "tiny-invariant": "^1.3.3",
        "use-sync-external-store": "^1.2.2",
        "victory-vendor": "^37.0.2"
      },
      "devDependencies": {
        "@babel/cli": "^7.24.8",
        "@babel/core": "^7.24.9",
        "@babel/preset-env": "^7.29.0",
        "@babel/preset-react": "^7.28.5",
        "@babel/preset-typescript": "^7.28.5",
        "@babel/runtime": "^7.26.10",
        "@chromatic-com/storybook": "^5.2.1",
        "@codecov/bundle-analyzer": "^2.0.1",
        "@eslint-community/eslint-plugin-eslint-comments": "^4.7.2",
        "@eslint/compat": "^2.1.0",
        "@eslint/js": "^9.35.0",
        "@flakiness/playwright": "^1.9.0",
        "@playwright/experimental-ct-react": "1.61.1",
        "@recharts/devtools": "^0.0.14",
        "@reduxjs/toolkit": "^1.9.7",
        "@rollup/plugin-babel": "^7.1.0",
        "@rollup/plugin-commonjs": "^29.0.2",
        "@rollup/plugin-node-resolve": "^16.0.3",
        "@stackblitz/sdk": "^1.11.0",
        "@storybook/addon-a11y": "^10.4.1",
        "@storybook/addon-docs": "^10.4.1",
        "@storybook/addon-links": "^10.4.1",
        "@storybook/addon-onboarding": "^10.4.1",
        "@storybook/addon-vitest": "^10.4.1",
        "@storybook/builder-vite": "^10.4.1",
        "@storybook/icons": "^2.0.2",
        "@storybook/react-vite": "^10.4.1",
        "@stryker-mutator/typescript-checker": "^9.6.1",
        "@stryker-mutator/vitest-runner": "^9.6.1",
        "@testing-library/jest-dom": "^6.4.8",
        "@testing-library/react": "^16.0.0",
        "@testing-library/user-event": "^14.5.2",
        "@types/d3-interpolate": "^3.0.4",
        "@types/d3-shape": "^3.1.6",
        "@types/d3-time-format": "^4.0.3",
        "@types/node": "25.x.x",
        "@types/react": "^18.3.3",
        "@types/react-dom": "^18.3.0",
        "@types/react-is": "^18.3.0",
        "@vitejs/plugin-react": "^4.3.1",
        "@vitest/browser-playwright": "^4.1.7",
        "@vitest/coverage-v8": "^4.1.7",
        "babel-loader": "^9.1.3",
        "babel-plugin-dev-expression": "^0.2.3",
        "babel-plugin-transform-define": "^2.1.4",
        "browserslist": "^4.23.2",
        "bundlewatch": "^0.4.1",
        "chromatic": "^11.5.6",
        "cross-env": "^10.1.0",
        "d3-scale-chromatic": "^3.1.0",
        "d3-time": "^3.1.0",
        "d3-time-format": "^4.1.0",
        "diff": "^9.0.0",
        "eslint": "^9.35.0",
        "eslint-config-airbnb-extended": "^3.1.0",
        "eslint-config-prettier": "^10.1.8",
        "eslint-import-resolver-typescript": "^4.4.4",
        "eslint-plugin-import": "^2.32.0",
        "eslint-plugin-jsdoc": "^63.0.2",
        "eslint-plugin-jsx-a11y": "^6.10.2",
        "eslint-plugin-prettier": "^5.5.4",
        "eslint-plugin-react": "^7.37.5",
        "eslint-plugin-react-hooks": "^7.1.1",
        "eslint-plugin-react-perf": "^3.3.3",
        "eslint-plugin-storybook": "^10.4.1",
        "glob": "^13.0.6",
        "globals": "^16.3.0",
        "husky": "^9.1.1",
        "jsdom": "^29.1.1",
        "lint-staged": "^17.0.7",
        "marked": "^18.0.5",
        "playwright": "1.61.1",
        "prettier": "^3.6.2",
        "react": "^18.3.1",
        "react-dom": "^18.3.1",
        "react-is": "^18.3.1",
        "react-redux": "^8.1.3",
        "rimraf": "^6.0.1",
        "rollup": "^4.40.1",
        "rollup-plugin-esbuild": "^6.2.1",
        "storybook": "^10.4.1",
        "terser": "^5.46.0",
        "terser-webpack-plugin": "^5.3.10",
        "ts-loader": "^9.5.1",
        "ts-morph": "^28.0.0",
        "typescript": "^6.0.3",
        "typescript-eslint": "^8.42.0",
        "update-browserslist-db": "^1.1.0",
        "vitest": "^4.1.7",
        "vitest-axe": "^0.1.0",
        "webpack": "^5.93.0",
        "webpack-bundle-analyzer": "^5.3.0",
        "webpack-cli": "^7.0.3"
      },
      "engines": {
        "node": ">=18"
      },
      "peerDependencies": {
        "react": "^16.8.0 || ^17.0.0 || ^18.0.0 || ^19.0.0",
        "react-dom": "^16.0.0 || ^17.0.0 || ^18.0.0 || ^19.0.0",
        "react-is": "^16.8.0 || ^17.0.0 || ^18.0.0 || ^19.0.0"
      }
    },
    "../node_modules/.pnpm/typescript@6.0.3/node_modules/typescript": {
      "version": "6.0.3",
      "dev": true,
      "license": "Apache-2.0",
      "bin": {
        "tsc": "bin/tsc",
        "tsserver": "bin/tsserver"
      },
      "devDependencies": {
        "@dprint/formatter": "^0.4.1",
        "@dprint/typescript": "0.93.4",
        "@esfx/canceltoken": "^1.0.0",
        "@eslint/js": "^10.0.1",
        "@octokit/rest": "^22.0.1",
        "@types/chai": "^4.3.20",
        "@types/minimist": "^1.2.5",
        "@types/mocha": "^10.0.10",
        "@types/ms": "^2.1.0",
        "@types/node": "latest",
        "@types/source-map-support": "^0.5.10",
        "@types/which": "^3.0.4",
        "@typescript-eslint/rule-tester": "^8.56.1",
        "@typescript-eslint/type-utils": "^8.56.1",
        "@typescript-eslint/utils": "^8.56.1",
        "azure-devops-node-api": "^15.1.3",
        "c8": "^10.1.3",
        "chai": "^4.5.0",
        "chokidar": "^4.0.3",
        "diff": "^8.0.3",
        "dprint": "^0.49.1",
        "esbuild": "^0.27.3",
        "eslint": "^10.0.2",
        "eslint-plugin-regexp": "^3.0.0",
        "fast-xml-parser": "^5.4.1",
        "glob": "^10.5.0",
        "globals": "^17.4.0",
        "hereby": "^1.12.0",
        "jsonc-parser": "^3.3.1",
        "knip": "^5.85.0",
        "minimist": "^1.2.8",
        "mocha": "^10.8.2",
        "mocha-fivemat-progress-reporter": "^0.1.0",
        "monocart-coverage-reports": "^2.12.9",
        "ms": "^2.1.3",
        "picocolors": "^1.1.1",
        "playwright": "^1.58.2",
        "source-map-support": "^0.5.21",
        "tslib": "^2.8.1",
        "typescript": "^5.9.3",
        "typescript-eslint": "^8.56.1",
        "which": "^3.0.1"
      },
      "engines": {
        "node": ">=14.17"
      }
    },
    "../node_modules/.pnpm/vite@8.1.5_@types+node@26.1.1_esbuild@0.28.1_jiti@2.7.0_tsx@4.23.1/node_modules/vite": {
      "version": "8.1.5",
      "dev": true,
      "license": "MIT",
      "dependencies": {
        "lightningcss": "^1.32.0",
        "picomatch": "^4.0.5",
        "postcss": "^8.5.17",
        "rolldown": "~1.1.5",
        "tinyglobby": "^0.2.17"
      },
      "bin": {
        "vite": "bin/vite.js"
      },
      "devDependencies": {
        "@babel/parser": "^7.29.7",
        "@jridgewell/remapping": "^2.3.5",
        "@jridgewell/trace-mapping": "^0.3.31",
        "@polka/compression": "^1.0.0-next.25",
        "@rollup/plugin-alias": "^6.0.0",
        "@rollup/plugin-dynamic-import-vars": "2.1.4",
        "@rollup/pluginutils": "^5.4.0",
        "@types/escape-html": "^1.0.4",
        "@types/pnpapi": "^0.0.5",
        "@vercel/detect-agent": "^1.2.3",
        "@vitejs/devtools": "^0.3.4",
        "@vitest/utils": "4.1.10",
        "@voidzero-dev/vite-task-client": "^0.2.0",
        "artichokie": "^0.4.4",
        "baseline-browser-mapping": "^2.10.43",
        "cac": "^7.0.0",
        "chokidar": "^3.6.0",
        "connect": "^3.7.0",
        "convert-source-map": "^2.0.0",
        "cors": "^2.8.6",
        "cross-spawn": "^7.0.6",
        "dotenv-expand": "^13.0.0",
        "es-module-lexer": "^2.3.1",
        "esbuild": "^0.28.1",
        "escape-html": "^1.0.3",
        "estree-walker": "^3.0.3",
        "etag": "^1.8.1",
        "fresh-import": "^0.2.1",
        "host-validation-middleware": "^0.1.4",
        "http-proxy-3": "^1.23.3",
        "launch-editor-middleware": "^2.14.1",
        "magic-string": "^0.30.21",
        "mlly": "^1.8.2",
        "mrmime": "^2.0.1",
        "nanoid": "^5.1.16",
        "obug": "^1.0.2",
        "open": "^10.2.0",
        "parse5": "^8.0.1",
        "pathe": "^2.0.3",
        "periscopic": "^4.0.3",
        "picocolors": "^1.1.1",
        "postcss-import": "^16.1.1",
        "postcss-load-config": "^6.0.1",
        "postcss-modules": "^9.0.1",
        "premove": "^4.0.0",
        "resolve.exports": "^2.0.3",
        "rolldown-plugin-dts": "^0.27.6",
        "rollup": "^4.59.0",
        "rollup-plugin-license": "^3.7.1",
        "sass": "^1.101.0",
        "sass-embedded": "^1.100.0",
        "sirv": "^3.0.2",
        "strip-literal": "^3.1.0",
        "terser": "^5.49.0",
        "ufo": "^1.6.4",
        "ws": "^8.21.0"
      },
      "engines": {
        "node": "^20.19.0 || >=22.12.0"
      },
      "funding": {
        "url": "https://github.com/vitejs/vite?sponsor=1"
      },
      "optionalDependencies": {
        "fsevents": "~2.3.3"
      },
      "peerDependencies": {
        "@types/node": "^20.19.0 || >=22.12.0",
        "@vitejs/devtools": "^0.3.0",
        "esbuild": "^0.27.0 || ^0.28.0",
        "jiti": ">=1.21.0",
        "less": "^4.0.0",
        "sass": "^1.70.0",
        "sass-embedded": "^1.70.0",
        "stylus": ">=0.54.8",
        "sugarss": "^5.0.0",
        "terser": "^5.16.0",
        "tsx": "^4.8.1",
        "yaml": "^2.4.2"
      },
      "peerDependenciesMeta": {
        "@types/node": {
          "optional": true
        },
        "@vitejs/devtools": {
          "optional": true
        },
        "esbuild": {
          "optional": true
        },
        "jiti": {
          "optional": true
        },
        "less": {
          "optional": true
        },
        "sass": {
          "optional": true
        },
        "sass-embedded": {
          "optional": true
        },
        "stylus": {
          "optional": true
        },
        "sugarss": {
          "optional": true
        },
        "terser": {
          "optional": true
        },
        "tsx": {
          "optional": true
        },
        "yaml": {
          "optional": true
        }
      }
    },
    "../node_modules/.pnpm/vitest@4.1.10_@types+node@26.1.1_vite@8.1.5_@types+node@26.1.1_esbuild@0.28.1_jiti@2.7.0_tsx@4.23.1_/node_modules/vitest": {
      "version": "4.1.10",
      "dev": true,
      "license": "MIT",
      "dependencies": {
        "@vitest/expect": "4.1.10",
        "@vitest/mocker": "4.1.10",
        "@vitest/pretty-format": "4.1.10",
        "@vitest/runner": "4.1.10",
        "@vitest/snapshot": "4.1.10",
        "@vitest/spy": "4.1.10",
        "@vitest/utils": "4.1.10",
        "es-module-lexer": "^2.0.0",
        "expect-type": "^1.3.0",
        "magic-string": "^0.30.21",
        "obug": "^2.1.1",
        "pathe": "^2.0.3",
        "picomatch": "^4.0.3",
        "std-env": "^4.0.0-rc.1",
        "tinybench": "^2.9.0",
        "tinyexec": "^1.0.2",
        "tinyglobby": "^0.2.15",
        "tinyrainbow": "^3.1.0",
        "vite": "^6.0.0 || ^7.0.0 || ^8.0.0",
        "why-is-node-running": "^2.3.0"
      },
      "bin": {
        "vitest": "vitest.mjs"
      },
      "devDependencies": {
        "@antfu/install-pkg": "^1.1.0",
        "@bomb.sh/tab": "^0.0.14",
        "@edge-runtime/vm": "^5.0.0",
        "@jridgewell/trace-mapping": "0.3.31",
        "@opentelemetry/api": "^1.9.0",
        "@sinonjs/fake-timers": "15.0.0",
        "@types/estree": "^1.0.8",
        "@types/istanbul-lib-coverage": "^2.0.6",
        "@types/istanbul-reports": "^3.0.4",
        "@types/jsdom": "^27.0.0",
        "@types/node": "^24.12.0",
        "@types/picomatch": "^4.0.2",
        "@types/prompts": "^2.4.9",
        "@types/sinonjs__fake-timers": "^15.0.1",
        "acorn": "8.11.3",
        "acorn-walk": "^8.3.5",
        "birpc": "^4.0.0",
        "cac": "^6.7.14",
        "empathic": "^2.0.0",
        "flatted": "^3.4.2",
        "happy-dom": "^20.8.3",
        "jsdom": "^27.4.0",
        "local-pkg": "^1.1.2",
        "mime": "^4.1.0",
        "prompts": "^2.4.2",
        "strip-literal": "^3.1.0",
        "tinyhighlight": "^0.3.2",
        "ws": "^8.19.0"
      },
      "engines": {
        "node": "^20.0.0 || ^22.0.0 || >=24.0.0"
      },
      "funding": {
        "url": "https://opencollective.com/vitest"
      },
      "peerDependencies": {
        "@edge-runtime/vm": "*",
        "@opentelemetry/api": "^1.9.0",
        "@types/node": "^20.0.0 || ^22.0.0 || >=24.0.0",
        "@vitest/browser-playwright": "4.1.10",
        "@vitest/browser-preview": "4.1.10",
        "@vitest/browser-webdriverio": "4.1.10",
        "@vitest/coverage-istanbul": "4.1.10",
        "@vitest/coverage-v8": "4.1.10",
        "@vitest/ui": "4.1.10",
        "happy-dom": "*",
        "jsdom": "*",
        "vite": "^6.0.0 || ^7.0.0 || ^8.0.0"
      },
      "peerDependenciesMeta": {
        "@edge-runtime/vm": {
          "optional": true
        },
        "@opentelemetry/api": {
          "optional": true
        },
        "@types/node": {
          "optional": true
        },
        "@vitest/browser-playwright": {
          "optional": true
        },
        "@vitest/browser-preview": {
          "optional": true
        },
        "@vitest/browser-webdriverio": {
          "optional": true
        },
        "@vitest/coverage-istanbul": {
          "optional": true
        },
        "@vitest/coverage-v8": {
          "optional": true
        },
        "@vitest/ui": {
          "optional": true
        },
        "happy-dom": {
          "optional": true
        },
        "jsdom": {
          "optional": true
        },
        "vite": {
          "optional": false
        }
      }
    },
    "node_modules/@electron/rebuild": {
      "resolved": "../node_modules/.pnpm/@electron+rebuild@4.2.0/node_modules/@electron/rebuild",
      "link": true
    },
    "node_modules/@playwright/test": {
      "resolved": "../node_modules/.pnpm/@playwright+test@1.61.1/node_modules/@playwright/test",
      "link": true
    },
    "node_modules/@tanstack/react-query": {
      "resolved": "../node_modules/.pnpm/@tanstack+react-query@5.101.3_react@19.2.7/node_modules/@tanstack/react-query",
      "link": true
    },
    "node_modules/@types/better-sqlite3": {
      "resolved": "../node_modules/.pnpm/@types+better-sqlite3@7.6.13/node_modules/@types/better-sqlite3",
      "link": true
    },
    "node_modules/@types/node": {
      "resolved": "../node_modules/.pnpm/@types+node@26.1.1/node_modules/@types/node",
      "link": true
    },
    "node_modules/@types/react": {
      "resolved": "../node_modules/.pnpm/@types+react@19.2.17/node_modules/@types/react",
      "link": true
    },
    "node_modules/@types/react-dom": {
      "resolved": "../node_modules/.pnpm/@types+react-dom@19.2.3_@types+react@19.2.17/node_modules/@types/react-dom",
      "link": true
    },
    "node_modules/@vitejs/plugin-react": {
      "resolved": "../node_modules/.pnpm/@vitejs+plugin-react@6.0.3_vite@8.1.5_@types+node@26.1.1_esbuild@0.28.1_jiti@2.7.0_tsx@4.23.1_/node_modules/@vitejs/plugin-react",
      "link": true
    },
    "node_modules/apple-local-llm": {
      "version": "1.0.0",
      "resolved": "https://registry.npmjs.org/apple-local-llm/-/apple-local-llm-1.0.0.tgz",
      "integrity": "sha512-hEPKSspOLCSZpcLThx9EZU4DMlmaK9pC9AcSOM4o7p2zMKvXIYAqcgyYvblH8FU7hP/dpWzdK1LONs3BfiK1AA==",
      "license": "MIT",
      "bin": {
        "fm-proxy": "bin/fm-proxy"
      },
      "engines": {
        "node": ">=18.0.0"
      }
    },
    "node_modules/better-sqlite3": {
      "resolved": "../node_modules/.pnpm/better-sqlite3@12.11.1/node_modules/better-sqlite3",
      "link": true
    },
    "node_modules/drizzle-kit": {
      "resolved": "../node_modules/.pnpm/drizzle-kit@0.31.10/node_modules/drizzle-kit",
      "link": true
    },
    "node_modules/drizzle-orm": {
      "resolved": "../node_modules/.pnpm/drizzle-orm@0.45.2_@types+better-sqlite3@7.6.13_better-sqlite3@12.11.1/node_modules/drizzle-orm",
      "link": true
    },
    "node_modules/electron": {
      "resolved": "../node_modules/.pnpm/electron@42.7.1/node_modules/electron",
      "link": true
    },
    "node_modules/electron-builder": {
      "resolved": "../node_modules/.pnpm/electron-builder@26.15.3_electron-builder-squirrel-windows@26.15.3/node_modules/electron-builder",
      "link": true
    },
    "node_modules/electron-vite": {
      "resolved": "../node_modules/.pnpm/electron-vite@5.0.0_vite@8.1.5_@types+node@26.1.1_esbuild@0.28.1_jiti@2.7.0_tsx@4.23.1_/node_modules/electron-vite",
      "link": true
    },
    "node_modules/html-to-image": {
      "resolved": "../node_modules/.pnpm/html-to-image@1.11.13/node_modules/html-to-image",
      "link": true
    },
    "node_modules/lucide-react": {
      "resolved": "../node_modules/.pnpm/lucide-react@1.25.0_react@19.2.7/node_modules/lucide-react",
      "link": true
    },
    "node_modules/react": {
      "resolved": "../node_modules/.pnpm/react@19.2.7/node_modules/react",
      "link": true
    },
    "node_modules/react-dom": {
      "resolved": "../node_modules/.pnpm/react-dom@19.2.7_react@19.2.7/node_modules/react-dom",
      "link": true
    },
    "node_modules/recharts": {
      "resolved": "../node_modules/.pnpm/recharts@3.9.2_@types+react@19.2.17_react-dom@19.2.7_react@19.2.7__react-is@19.2.7_react@19.2.7_redux@5.0.1/node_modules/recharts",
      "link": true
    },
    "node_modules/typescript": {
      "resolved": "../node_modules/.pnpm/typescript@6.0.3/node_modules/typescript",
      "link": true
    },
    "node_modules/vite": {
      "resolved": "../node_modules/.pnpm/vite@8.1.5_@types+node@26.1.1_esbuild@0.28.1_jiti@2.7.0_tsx@4.23.1/node_modules/vite",
      "link": true
    },
    "node_modules/vitest": {
      "resolved": "../node_modules/.pnpm/vitest@4.1.10_@types+node@26.1.1_vite@8.1.5_@types+node@26.1.1_esbuild@0.28.1_jiti@2.7.0_tsx@4.23.1_/node_modules/vitest",
      "link": true
    }
  }
}
